// !$*UTF8*$!
{
	archiveVersion = 1;
	classes = {
	};
	objectVersion = 55;
	objects = {

/* Begin PBXBuildFile section */
		6B33133F27389032003F0BD4 /* AppDelegate.swift in Sources */ = {isa = PBXBuildFile; fileRef = 6B33133E27389032003F0BD4 /* AppDelegate.swift */; };
		6B33134127389032003F0BD4 /* SceneDelegate.swift in Sources */ = {isa = PBXBuildFile; fileRef = 6B33134027389032003F0BD4 /* SceneDelegate.swift */; };
		6B33134327389032003F0BD4 /* ViewController.swift in Sources */ = {isa = PBXBuildFile; fileRef = 6B33134227389032003F0BD4 /* ViewController.swift */; };
		6B33134627389032003F0BD4 /* Main.storyboard in Resources */ = {isa = PBXBuildFile; fileRef = 6B33134427389032003F0BD4 /* Main.storyboard */; };
		6B33134827389036003F0BD4 /* Assets.xcassets in Resources */ = {isa = PBXBuildFile; fileRef = 6B33134727389036003F0BD4 /* Assets.xcassets */; };
		6B33134B27389036003F0BD4 /* LaunchScreen.storyboard in Resources */ = {isa = PBXBuildFile; fileRef = 6B33134927389036003F0BD4 /* LaunchScreen.storyboard */; };
		6B33135627389037003F0BD4 /* SpaceXTests.swift in Sources */ = {isa = PBXBuildFile; fileRef = 6B33135527389037003F0BD4 /* SpaceXTests.swift */; };
		6B33136027389037003F0BD4 /* SpaceXUITests.swift in Sources */ = {isa = PBXBuildFile; fileRef = 6B33135F27389037003F0BD4 /* SpaceXUITests.swift */; };
		6B33136227389037003F0BD4 /* SpaceXUITestsLaunchTests.swift in Sources */ = {isa = PBXBuildFile; fileRef = 6B33136127389037003F0BD4 /* SpaceXUITestsLaunchTests.swift */; };
/* End PBXBuildFile section */

/* Begin PBXContainerItemProxy section */
		6B33135227389037003F0BD4 /* PBXContainerItemProxy */ = {
			isa = PBXContainerItemProxy;
			containerPortal = 6B33133327389032003F0BD4 /* Project object */;
			proxyType = 1;
			remoteGlobalIDString = 6B33133A27389032003F0BD4;
			remoteInfo = SpaceX;
		};
		6B33135C27389037003F0BD4 /* PBXContainerItemProxy */ = {
			isa = PBXContainerItemProxy;
			containerPortal = 6B33133327389032003F0BD4 /* Project object */;
			proxyType = 1;
			remoteGlobalIDString = 6B33133A27389032003F0BD4;
			remoteInfo = SpaceX;
		};
/* End PBXContainerItemProxy section */

/* Begin PBXFileReference section */
		6B33133B27389032003F0BD4 /* SpaceX.app */ = {isa = PBXFileReference; explicitFileType = wrapper.application; includeInIndex = 0; path = SpaceX.app; sourceTree = BUILT_PRODUCTS_DIR; };
		6B33133E27389032003F0BD4 /* AppDelegate.swift */ = {isa = PBXFileReference; lastKnownFileType = sourcecode.swift; path = AppDelegate.swift; sourceTree = "<group>"; };
		6B33134027389032003F0BD4 /* SceneDelegate.swift */ = {isa = PBXFileReference; lastKnownFileType = sourcecode.swift; path = SceneDelegate.swift; sourceTree = "<group>"; };
		6B33134227389032003F0BD4 /* ViewController.swift */ = {isa = PBXFileReference; lastKnownFileType = sourcecode.swift; path = ViewController.swift; sourceTree = "<group>"; };
		6B33134527389032003F0BD4 /* Base */ = {isa = PBXFileReference; lastKnownFileType = file.storyboard; name = Base; path = Base.lproj/Main.storyboard; sourceTree = "<group>"; };
		6B33134727389036003F0BD4 /* Assets.xcassets */ = {isa = PBXFileReference; lastKnownFileType = folder.assetcatalog; path = Assets.xcassets; sourceTree = "<group>"; };
		6B33134A27389036003F0BD4 /* Base */ = {isa = PBXFileReference; lastKnownFileType = file.storyboard; name = Base; path = Base.lproj/LaunchScreen.storyboard; sourceTree = "<group>"; };
		6B33134C27389036003F0BD4 /* Info.plist */ = {isa = PBXFileReference; lastKnownFileType = text.plist.xml; path = Info.plist; sourceTree = "<group>"; };
		6B33135127389037003F0BD4 /* SpaceXTests.xctest */ = {isa = PBXFileReference; explicitFileType = wrapper.cfbundle; includeInIndex = 0; path = SpaceXTests.xctest; sourceTree = BUILT_PRODUCTS_DIR; };
		6B33135527389037003F0BD4 /* SpaceXTests.swift */ = {isa = PBXFileReference; lastKnownFileType = sourcecode.swift; path = SpaceXTests.swift; sourceTree = "<group>"; };
		6B33135B27389037003F0BD4 /* SpaceXUITests.xctest */ = {isa = PBXFileReference; explicitFileType = wrapper.cfbundle; includeInIndex = 0; path = SpaceXUITests.xctest; sourceTree = BUILT_PRODUCTS_DIR; };
		6B33135F27389037003F0BD4 /* SpaceXUITests.swift */ = {isa = PBXFileReference; lastKnownFileType = sourcecode.swift; path = SpaceXUITests.swift; sourceTree = "<group>"; };
		6B33136127389037003F0BD4 /* SpaceXUITestsLaunchTests.swift */ = {isa = PBXFileReference; lastKnownFileType = sourcecode.swift; path = SpaceXUITestsLaunchTests.swift; sourceTree = "<group>"; };
/* End PBXFileReference section */

/* Begin PBXFrameworksBuildPhase section */
		6B33133827389032003F0BD4 /* Frameworks */ = {
			isa = PBXFrameworksBuildPhase;
			buildActionMask = 2147483647;
			files = (
			);
			runOnlyForDeploymentPostprocessing = 0;
		};
		6B33134E27389037003F0BD4 /* Frameworks */ = {
			isa = PBXFrameworksBuildPhase;
			buildActionMask = 2147483647;
			files = (
			);
			runOnlyForDeploymentPostprocessing = 0;
		};
		6B33135827389037003F0BD4 /* Frameworks */ = {
			isa = PBXFrameworksBuildPhase;
			buildActionMask = 2147483647;
			files = (
			);
			runOnlyForDeploymentPostprocessing = 0;
		};
/* End PBXFrameworksBuildPhase section */

/* Begin PBXGroup section */
		6B33133227389032003F0BD4 = {
			isa = PBXGroup;
			children = (
				6B33133D27389032003F0BD4 /* SpaceX */,
				6B33135427389037003F0BD4 /* SpaceXTests */,
				6B33135E27389037003F0BD4 /* SpaceXUITests */,
				6B33133C27389032003F0BD4 /* Products */,
			);
			sourceTree = "<group>";
		};
		6B33133C27389032003F0BD4 /* Products */ = {
			isa = PBXGroup;
			children = (
				6B33133B27389032003F0BD4 /* SpaceX.app */,
				6B33135127389037003F0BD4 /* SpaceXTests.xctest */,
				6B33135B27389037003F0BD4 /* SpaceXUITests.xctest */,
			);
			name = Products;
			sourceTree = "<group>";
		};
		6B33133D27389032003F0BD4 /* SpaceX */ = {
			isa = PBXGroup;
			children = (
				6B33133E27389032003F0BD4 /* AppDelegate.swift */,
				6B33134027389032003F0BD4 /* SceneDelegate.swift */,
				6B33134227389032003F0BD4 /* ViewController.swift */,
				6B33134427389032003F0BD4 /* Main.storyboard */,
				6B33134727389036003F0BD4 /* Assets.xcassets */,
				6B33134927389036003F0BD4 /* LaunchScreen.storyboard */,
				6B33134C27389036003F0BD4 /* Info.plist */,
			);
			path = SpaceX;
			sourceTree = "<group>";
		};
		6B33135427389037003F0BD4 /* SpaceXTests */ = {
			isa = PBXGroup;
			children = (
				6B33135527389037003F0BD4 /* SpaceXTests.swift */,
			);
			path = SpaceXTests;
			sourceTree = "<group>";
		};
		6B33135E27389037003F0BD4 /* SpaceXUITests */ = {
			isa = PBXGroup;
			children = (
				6B33135F27389037003F0BD4 /* SpaceXUITests.swift */,
				6B33136127389037003F0BD4 /* SpaceXUITestsLaunchTests.swift */,
			);
			path = SpaceXUITests;
			sourceTree = "<group>";
		};
/* End PBXGroup section */

/* Begin PBXNativeTarget section */
		6B33133A27389032003F0BD4 /* SpaceX */ = {
			isa = PBXNativeTarget;
			buildConfigurationList = 6B33136527389037003F0BD4 /* Build configuration list for PBXNativeTarget "SpaceX" */;
			buildPhases = (
				6B33133727389032003F0BD4 /* Sources */,
				6B33133827389032003F0BD4 /* Frameworks */,
				6B33133927389032003F0BD4 /* Resources */,
			);
			buildRules = (
			);
			dependencies = (
			);
			name = SpaceX;
			productName = SpaceX;
			productReference = 6B33133B27389032003F0BD4 /* SpaceX.app */;
			productType = "com.apple.product-type.application";
		};
		6B33135027389037003F0BD4 /* SpaceXTests */ = {
			isa = PBXNativeTarget;
			buildConfigurationList = 6B33136827389037003F0BD4 /* Build configuration list for PBXNativeTarget "SpaceXTests" */;
			buildPhases = (
				6B33134D27389037003F0BD4 /* Sources */,
				6B33134E27389037003F0BD4 /* Frameworks */,
				6B33134F27389037003F0BD4 /* Resources */,
			);
			buildRules = (
			);
			dependencies = (
				6B33135327389037003F0BD4 /* PBXTargetDependency */,
			);
			name = SpaceXTests;
			productName = SpaceXTests;
			productReference = 6B33135127389037003F0BD4 /* SpaceXTests.xctest */;
			productType = "com.apple.product-type.bundle.unit-test";
		};
		6B33135A27389037003F0BD4 /* SpaceXUITests */ = {
			isa = PBXNativeTarget;
			buildConfigurationList = 6B33136B27389037003F0BD4 /* Build configuration list for PBXNativeTarget "SpaceXUITests" */;
			buildPhases = (
				6B33135727389037003F0BD4 /* Sources */,
				6B33135827389037003F0BD4 /* Frameworks */,
				6B33135927389037003F0BD4 /* Resources */,
			);
			buildRules = (
			);
			dependencies = (
				6B33135D27389037003F0BD4 /* PBXTargetDependency */,
			);
			name = SpaceXUITests;
			productName = SpaceXUITests;
			productReference = 6B33135B27389037003F0BD4 /* SpaceXUITests.xctest */;
			productType = "com.apple.product-type.bundle.ui-testing";
		};
/* End PBXNativeTarget section */

/* Begin PBXProject section */
		6B33133327389032003F0BD4 /* Project object */ = {
			isa = PBXProject;
			attributes = {
				BuildIndependentTargetsInParallel = 1;
				LastSwiftUpdateCheck = 1300;
				LastUpgradeCheck = 1300;
				TargetAttributes = {
					6B33133A27389032003F0BD4 = {
						CreatedOnToolsVersion = 13.0;
					};
					6B33135027389037003F0BD4 = {
						CreatedOnToolsVersion = 13.0;
						TestTargetID = 6B33133A27389032003F0BD4;
					};
					6B33135A27389037003F0BD4 = {
						CreatedOnToolsVersion = 13.0;
						TestTargetID = 6B33133A27389032003F0BD4;
					};
				};
			};
			buildConfigurationList = 6B33133627389032003F0BD4 /* Build configuration list for PBXProject "SpaceX" */;
			compatibilityVersion = "Xcode 13.0";
			developmentRegion = en;
			hasScannedForEncodings = 0;
			knownRegions = (
				en,
				Base,
			);
			mainGroup = 6B33133227389032003F0BD4;
			productRefGroup = 6B33133C27389032003F0BD4 /* Products */;
			projectDirPath = "";
			projectRoot = "";
			targets = (
				6B33133A27389032003F0BD4 /* SpaceX */,
				6B33135027389037003F0BD4 /* SpaceXTests */,
				6B33135A27389037003F0BD4 /* SpaceXUITests */,
			);
		};
/* End PBXProject section */

/* Begin PBXResourcesBuildPhase section */
		6B33133927389032003F0BD4 /* Resources */ = {
			isa = PBXResourcesBuildPhase;
			buildActionMask = 2147483647;
			files = (
				6B33134B27389036003F0BD4 /* LaunchScreen.storyboard in Resources */,
				6B33134827389036003F0BD4 /* Assets.xcassets in Resources */,
				6B33134627389032003F0BD4 /* Main.storyboard in Resources */,
			);
			runOnlyForDeploymentPostprocessing = 0;
		};
		6B33134F27389037003F0BD4 /* Resources */ = {
			isa = PBXResourcesBuildPhase;
			buildActionMask = 2147483647;
			files = (
			);
			runOnlyForDeploymentPostprocessing = 0;
		};
		6B33135927389037003F0BD4 /* Resources */ = {
			isa = PBXResourcesBuildPhase;
			buildActionMask = 2147483647;
			files = (
			);
			runOnlyForDeploymentPostprocessing = 0;
		};
/* End PBXResourcesBuildPhase section */

/* Begin PBXSourcesBuildPhase section */
		6B33133727389032003F0BD4 /* Sources */ = {
			isa = PBXSourcesBuildPhase;
			buildActionMask = 2147483647;
			files = (
				6B33134327389032003F0BD4 /* ViewController.swift in Sources */,
				6B33133F27389032003F0BD4 /* AppDelegate.swift in Sources */,
				6B33134127389032003F0BD4 /* SceneDelegate.swift in Sources */,
			);
			runOnlyForDeploymentPostprocessing = 0;
		};
		6B33134D27389037003F0BD4 /* Sources */ = {
			isa = PBXSourcesBuildPhase;
			buildActionMask = 2147483647;
			files = (
				6B33135627389037003F0BD4 /* SpaceXTests.swift in Sources */,
			);
			runOnlyForDeploymentPostprocessing = 0;
		};
		6B33135727389037003F0BD4 /* Sources */ = {
			isa = PBXSourcesBuildPhase;
			buildActionMask = 2147483647;
			files = (
				6B33136227389037003F0BD4 /* SpaceXUITestsLaunchTests.swift in Sources */,
				6B33136027389037003F0BD4 /* SpaceXUITests.swift in Sources */,
			);
			runOnlyForDeploymentPostprocessing = 0;
		};
/* End PBXSourcesBuildPhase section */

/* Begin PBXTargetDependency section */
		6B33135327389037003F0BD4 /* PBXTargetDependency */ = {
			isa = PBXTargetDependency;
			target = 6B33133A27389032003F0BD4 /* SpaceX */;
			targetProxy = 6B33135227389037003F0BD4 /* PBXContainerItemProxy */;
		};
		6B33135D27389037003F0BD4 /* PBXTargetDependency */ = {
			isa = PBXTargetDependency;
			target = 6B33133A27389032003F0BD4 /* SpaceX */;
			targetProxy = 6B33135C27389037003F0BD4 /* PBXContainerItemProxy */;
		};
/* End PBXTargetDependency section */

/* Begin PBXVariantGroup section */
		6B33134427389032003F0BD4 /* Main.storyboard */ = {
			isa = PBXVariantGroup;
			children = (
				6B33134527389032003F0BD4 /* Base */,
			);
			name = Main.storyboard;
			sourceTree = "<group>";
		};
		6B33134927389036003F0BD4 /* LaunchScreen.storyboard */ = {
			isa = PBXVariantGroup;
			children = (
				6B33134A27389036003F0BD4 /* Base */,
			);
			name = LaunchScreen.storyboard;
			sourceTree = "<group>";
		};
/* End PBXVariantGroup section */

/* Begin XCBuildConfiguration section */
		6B33136327389037003F0BD4 /* Debug */ = {
			isa = XCBuildConfiguration;
			buildSettings = {
				ALWAYS_SEARCH_USER_PATHS = NO;
				CLANG_ANALYZER_NONNULL = YES;
				CLANG_ANALYZER_NUMBER_OBJECT_CONVERSION = YES_AGGRESSIVE;
				CLANG_CXX_LANGUAGE_STANDARD = "gnu++17";
				CLANG_CXX_LIBRARY = "libc++";
				CLANG_ENABLE_MODULES = YES;
				CLANG_ENABLE_OBJC_ARC = YES;
				CLANG_ENABLE_OBJC_WEAK = YES;
				CLANG_WARN_BLOCK_CAPTURE_AUTORELEASING = YES;
				CLANG_WARN_BOOL_CONVERSION = YES;
				CLANG_WARN_COMMA = YES;
				CLANG_WARN_CONSTANT_CONVERSION = YES;
				CLANG_WARN_DEPRECATED_OBJC_IMPLEMENTATIONS = YES;
				CLANG_WARN_DIRECT_OBJC_ISA_USAGE = YES_ERROR;
				CLANG_WARN_DOCUMENTATION_COMMENTS = YES;
				CLANG_WARN_EMPTY_BODY = YES;
				CLANG_WARN_ENUM_CONVERSION = YES;
				CLANG_WARN_INFINITE_RECURSION = YES;
				CLANG_WARN_INT_CONVERSION = YES;
				CLANG_WARN_NON_LITERAL_NULL_CONVERSION = YES;
				CLANG_WARN_OBJC_IMPLICIT_RETAIN_SELF = YES;
				CLANG_WARN_OBJC_LITERAL_CONVERSION = YES;
				CLANG_WARN_OBJC_ROOT_CLASS = YES_ERROR;
				CLANG_WARN_QUOTED_INCLUDE_IN_FRAMEWORK_HEADER = YES;
				CLANG_WARN_RANGE_LOOP_ANALYSIS = YES;
				CLANG_WARN_STRICT_PROTOTYPES = YES;
				CLANG_WARN_SUSPICIOUS_MOVE = YES;
				CLANG_WARN_UNGUARDED_AVAILABILITY = YES_AGGRESSIVE;
				CLANG_WARN_UNREACHABLE_CODE = YES;
				CLANG_WARN__DUPLICATE_METHOD_MATCH = YES;
				COPY_PHASE_STRIP = NO;
				DEBUG_INFORMATION_FORMAT = dwarf;
				ENABLE_STRICT_OBJC_MSGSEND = YES;
				ENABLE_TESTABILITY = YES;
				GCC_C_LANGUAGE_STANDARD = gnu11;
				GCC_DYNAMIC_NO_PIC = NO;
				GCC_NO_COMMON_BLOCKS = YES;
				GCC_OPTIMIZATION_LEVEL = 0;
				GCC_PREPROCESSOR_DEFINITIONS = (
					"DEBUG=1",
					"$(inherited)",
				);
				GCC_WARN_64_TO_32_BIT_CONVERSION = YES;
				GCC_WARN_ABOUT_RETURN_TYPE = YES_ERROR;
				GCC_WARN_UNDECLARED_SELECTOR = YES;
				GCC_WARN_UNINITIALIZED_AUTOS = YES_AGGRESSIVE;
				GCC_WARN_UNUSED_FUNCTION = YES;
				GCC_WARN_UNUSED_VARIABLE = YES;
				IPHONEOS_DEPLOYMENT_TARGET = 15.0;
				MTL_ENABLE_DEBUG_INFO = INCLUDE_SOURCE;
				MTL_FAST_MATH = YES;
				ONLY_ACTIVE_ARCH = YES;
				SDKROOT = iphoneos;
				SWIFT_ACTIVE_COMPILATION_CONDITIONS = DEBUG;
				SWIFT_OPTIMIZATION_LEVEL = "-Onone";
			};
			name = Debug;
		};
		6B33136427389037003F0BD4 /* Release */ = {
			isa = XCBuildConfiguration;
			buildSettings = {
				ALWAYS_SEARCH_USER_PATHS = NO;
				CLANG_ANALYZER_NONNULL = YES;
				CLANG_ANALYZER_NUMBER_OBJECT_CONVERSION = YES_AGGRESSIVE;
				CLANG_CXX_LANGUAGE_STANDARD = "gnu++17";
				CLANG_CXX_LIBRARY = "libc++";
				CLANG_ENABLE_MODULES = YES;
				CLANG_ENABLE_OBJC_ARC = YES;
				CLANG_ENABLE_OBJC_WEAK = YES;
				CLANG_WARN_BLOCK_CAPTURE_AUTORELEASING = YES;
				CLANG_WARN_BOOL_CONVERSION = YES;
				CLANG_WARN_COMMA = YES;
				CLANG_WARN_CONSTANT_CONVERSION = YES;
				CLANG_WARN_DEPRECATED_OBJC_IMPLEMENTATIONS = YES;
				CLANG_WARN_DIRECT_OBJC_ISA_USAGE = YES_ERROR;
				CLANG_WARN_DOCUMENTATION_COMMENTS = YES;
				CLANG_WARN_EMPTY_BODY = YES;
				CLANG_WARN_ENUM_CONVERSION = YES;
				CLANG_WARN_INFINITE_RECURSION = YES;
				CLANG_WARN_INT_CONVERSION = YES;
				CLANG_WARN_NON_LITERAL_NULL_CONVERSION = YES;
				CLANG_WARN_OBJC_IMPLICIT_RETAIN_SELF = YES;
				CLANG_WARN_OBJC_LITERAL_CONVERSION = YES;
				CLANG_WARN_OBJC_ROOT_CLASS = YES_ERROR;
				CLANG_WARN_QUOTED_INCLUDE_IN_FRAMEWORK_HEADER = YES;
				CLANG_WARN_RANGE_LOOP_ANALYSIS = YES;
				CLANG_WARN_STRICT_PROTOTYPES = YES;
				CLANG_WARN_SUSPICIOUS_MOVE = YES;
				CLANG_WARN_UNGUARDED_AVAILABILITY = YES_AGGRESSIVE;
				CLANG_WARN_UNREACHABLE_CODE = YES;
				CLANG_WARN__DUPLICATE_METHOD_MATCH = YES;
				COPY_PHASE_STRIP = NO;
				DEBUG_INFORMATION_FORMAT = "dwarf-with-dsym";
				ENABLE_NS_ASSERTIONS = NO;
				ENABLE_STRICT_OBJC_MSGSEND = YES;
				GCC_C_LANGUAGE_STANDARD = gnu11;
				GCC_NO_COMMON_BLOCKS = YES;
				GCC_WARN_64_TO_32_BIT_CONVERSION = YES;
				GCC_WARN_ABOUT_RETURN_TYPE = YES_ERROR;
				GCC_WARN_UNDECLARED_SELECTOR = YES;
				GCC_WARN_UNINITIALIZED_AUTOS = YES_AGGRESSIVE;
				GCC_WARN_UNUSED_FUNCTION = YES;
				GCC_WARN_UNUSED_VARIABLE = YES;
				IPHONEOS_DEPLOYMENT_TARGET = 15.0;
				MTL_ENABLE_DEBUG_INFO = NO;
				MTL_FAST_MATH = YES;
				SDKROOT = iphoneos;
				SWIFT_COMPILATION_MODE = wholemodule;
				SWIFT_OPTIMIZATION_LEVEL = "-O";
				VALIDATE_PRODUCT = YES;
			};
			name = Release;
		};
		6B33136627389037003F0BD4 /* Debug */ = {
			isa = XCBuildConfiguration;
			buildSettings = {
				ASSETCATALOG_COMPILER_APPICON_NAME = AppIcon;
				ASSETCATALOG_COMPILER_GLOBAL_ACCENT_COLOR_NAME = AccentColor;
				CODE_SIGN_STYLE = Automatic;
				CURRENT_PROJECT_VERSION = 1;
				DEVELOPMENT_TEAM = VURR2Z6EB4;
				GENERATE_INFOPLIST_FILE = YES;
				INFOPLIST_FILE = SpaceX/Info.plist;
				INFOPLIST_KEY_UIApplicationSupportsIndirectInputEvents = YES;
				INFOPLIST_KEY_UILaunchStoryboardName = LaunchScreen;
				INFOPLIST_KEY_UIMainStoryboardFile = Main;
				INFOPLIST_KEY_UISupportedInterfaceOrientations_iPad = "UIInterfaceOrientationPortrait UIInterfaceOrientationPortraitUpsideDown UIInterfaceOrientationLandscapeLeft UIInterfaceOrientationLandscapeRight";
				INFOPLIST_KEY_UISupportedInterfaceOrientations_iPhone = "UIInterfaceOrientationPortrait UIInterfaceOrientationLandscapeLeft UIInterfaceOrientationLandscapeRight";
				LD_RUNPATH_SEARCH_PATHS = (
					"$(inherited)",
					"@executable_path/Frameworks",
				);
				MARKETING_VERSION = 1.0;
				PRODUCT_BUNDLE_IDENTIFIER = danielokoronkwo.asos.SpaceX;
				PRODUCT_NAME = "$(TARGET_NAME)";
				SWIFT_EMIT_LOC_STRINGS = YES;
				SWIFT_VERSION = 5.0;
				TARGETED_DEVICE_FAMILY = "1,2";
			};
			name = Debug;
		};
		6B33136727389037003F0BD4 /* Release */ = {
			isa = XCBuildConfiguration;
			buildSettings = {
				ASSETCATALOG_COMPILER_APPICON_NAME = AppIcon;
				ASSETCATALOG_COMPILER_GLOBAL_ACCENT_COLOR_NAME = AccentColor;
				CODE_SIGN_STYLE = Automatic;
				CURRENT_PROJECT_VERSION = 1;
				DEVELOPMENT_TEAM = VURR2Z6EB4;
				GENERATE_INFOPLIST_FILE = YES;
				INFOPLIST_FILE = SpaceX/Info.plist;
				INFOPLIST_KEY_UIApplicationSupportsIndirectInputEvents = YES;
				INFOPLIST_KEY_UILaunchStoryboardName = LaunchScreen;
				INFOPLIST_KEY_UIMainStoryboardFile = Main;
				INFOPLIST_KEY_UISupportedInterfaceOrientations_iPad = "UIInterfaceOrientationPortrait UIInterfaceOrientationPortraitUpsideDown UIInterfaceOrientationLandscapeLeft UIInterfaceOrientationLandscapeRight";
				INFOPLIST_KEY_UISupportedInterfaceOrientations_iPhone = "UIInterfaceOrientationPortrait UIInterfaceOrientationLandscapeLeft UIInterfaceOrientationLandscapeRight";
				LD_RUNPATH_SEARCH_PATHS = (
					"$(inherited)",
					"@executable_path/Frameworks",
				);
				MARKETING_VERSION = 1.0;
				PRODUCT_BUNDLE_IDENTIFIER = danielokoronkwo.asos.SpaceX;
				PRODUCT_NAME = "$(TARGET_NAME)";
				SWIFT_EMIT_LOC_STRINGS = YES;
				SWIFT_VERSION = 5.0;
				TARGETED_DEVICE_FAMILY = "1,2";
			};
			name = Release;
		};
		6B33136927389037003F0BD4 /* Debug */ = {
			isa = XCBuildConfiguration;
			buildSettings = {
				ALWAYS_EMBED_SWIFT_STANDARD_LIBRARIES = YES;
				BUNDLE_LOADER = "$(TEST_HOST)";
				CODE_SIGN_STYLE = Automatic;
				CURRENT_PROJECT_VERSION = 1;
				DEVELOPMENT_TEAM = VURR2Z6EB4;
				GENERATE_INFOPLIST_FILE = YES;
				IPHONEOS_DEPLOYMENT_TARGET = 15.0;
				LD_RUNPATH_SEARCH_PATHS = (
					"$(inherited)",
					"@executable_path/Frameworks",
					"@loader_path/Frameworks",
				);
				MARKETING_VERSION = 1.0;
				PRODUCT_BUNDLE_IDENTIFIER = danielokoronkwo.asos.SpaceXTests;
				PRODUCT_NAME = "$(TARGET_NAME)";
				SWIFT_EMIT_LOC_STRINGS = NO;
				SWIFT_VERSION = 5.0;
				TARGETED_DEVICE_FAMILY = "1,2";
				TEST_HOST = "$(BUILT_PRODUCTS_DIR)/SpaceX.app/SpaceX";
			};
			name = Debug;
		};
		6B33136A27389037003F0BD4 /* Release */ = {
			isa = XCBuildConfiguration;
			buildSettings = {
				ALWAYS_EMBED_SWIFT_STANDARD_LIBRARIES = YES;
				BUNDLE_LOADER = "$(TEST_HOST)";
				CODE_SIGN_STYLE = Automatic;
				CURRENT_PROJECT_VERSION = 1;
				DEVELOPMENT_TEAM = VURR2Z6EB4;
				GENERATE_INFOPLIST_FILE = YES;
				IPHONEOS_DEPLOYMENT_TARGET = 15.0;
				LD_RUNPATH_SEARCH_PATHS = (
					"$(inherited)",
					"@executable_path/Frameworks",
					"@loader_path/Frameworks",
				);
				MARKETING_VERSION = 1.0;
				PRODUCT_BUNDLE_IDENTIFIER = danielokoronkwo.asos.SpaceXTests;
				PRODUCT_NAME = "$(TARGET_NAME)";
				SWIFT_EMIT_LOC_STRINGS = NO;
				SWIFT_VERSION = 5.0;
				TARGETED_DEVICE_FAMILY = "1,2";
				TEST_HOST = "$(BUILT_PRODUCTS_DIR)/SpaceX.app/SpaceX";
			};
			name = Release;
		};
		6B33136C27389037003F0BD4 /* Debug */ = {
			isa = XCBuildConfiguration;
			buildSettings = {
				ALWAYS_EMBED_SWIFT_STANDARD_LIBRARIES = YES;
				CODE_SIGN_STYLE = Automatic;
				CURRENT_PROJECT_VERSION = 1;
				DEVELOPMENT_TEAM = VURR2Z6EB4;
				GENERATE_INFOPLIST_FILE = YES;
				LD_RUNPATH_SEARCH_PATHS = (
					"$(inherited)",
					"@executable_path/Frameworks",
					"@loader_path/Frameworks",
				);
				MARKETING_VERSION = 1.0;
				PRODUCT_BUNDLE_IDENTIFIER = danielokoronkwo.asos.SpaceXUITests;
				PRODUCT_NAME = "$(TARGET_NAME)";
				SWIFT_EMIT_LOC_STRINGS = NO;
				SWIFT_VERSION = 5.0;
				TARGETED_DEVICE_FAMILY = "1,2";
				TEST_TARGET_NAME = SpaceX;
			};
			name = Debug;
		};
		6B33136D27389037003F0BD4 /* Release */ = {
			isa = XCBuildConfiguration;
			buildSettings = {
				ALWAYS_EMBED_SWIFT_STANDARD_LIBRARIES = YES;
				CODE_SIGN_STYLE = Automatic;
				CURRENT_PROJECT_VERSION = 1;
				DEVELOPMENT_TEAM = VURR2Z6EB4;
				GENERATE_INFOPLIST_FILE = YES;
				LD_RUNPATH_SEARCH_PATHS = (
					"$(inherited)",
					"@executable_path/Frameworks",
					"@loader_path/Frameworks",
				);
				MARKETING_VERSION = 1.0;
				PRODUCT_BUNDLE_IDENTIFIER = danielokoronkwo.asos.SpaceXUITests;
				PRODUCT_NAME = "$(TARGET_NAME)";
				SWIFT_EMIT_LOC_STRINGS = NO;
				SWIFT_VERSION = 5.0;
				TARGETED_DEVICE_FAMILY = "1,2";
				TEST_TARGET_NAME = SpaceX;
			};
			name = Release;
		};
/* End XCBuildConfiguration section */

/* Begin XCConfigurationList section */
		6B33133627389032003F0BD4 /* Build configuration list for PBXProject "SpaceX" */ = {
			isa = XCConfigurationList;
			buildConfigurations = (
				6B33136327389037003F0BD4 /* Debug */,
				6B33136427389037003F0BD4 /* Release */,
			);
			defaultConfigurationIsVisible = 0;
			defaultConfigurationName = Release;
		};
		6B33136527389037003F0BD4 /* Build configuration list for PBXNativeTarget "SpaceX" */ = {
			isa = XCConfigurationList;
			buildConfigurations = (
				6B33136627389037003F0BD4 /* Debug */,
				6B33136727389037003F0BD4 /* Release */,
			);
			defaultConfigurationIsVisible = 0;
			defaultConfigurationName = Release;
		};
		6B33136827389037003F0BD4 /* Build configuration list for PBXNativeTarget "SpaceXTests" */ = {
			isa = XCConfigurationList;
			buildConfigurations = (
				6B33136927389037003F0BD4 /* Debug */,
				6B33136A27389037003F0BD4 /* Release */,
			);
			defaultConfigurationIsVisible = 0;
			defaultConfigurationName = Release;
		};
		6B33136B27389037003F0BD4 /* Build configuration list for PBXNativeTarget "SpaceXUITests" */ = {
			isa = XCConfigurationList;
			buildConfigurations = (
				6B33136C27389037003F0BD4 /* Debug */,
				6B33136D27389037003F0BD4 /* Release */,
			);
			defaultConfigurationIsVisible = 0;
			defaultConfigurationName = Release;
		};
/* End XCConfigurationList section */
	};
	rootObject = 6B33133327389032003F0BD4 /* Project object */;
}
